<?xml version="1.0" encoding="utf-8"?>
<Project ToolsVersion="4.0" xmlns="http://schemas.microsoft.com/developer/msbuild/2003">
  <ItemGroup>
    <Filter Include="Source Files">
      <UniqueIdentifier>{4FC737F1-C7A5-4376-A066-2A32D752A2FF}</UniqueIdentifier>
      <Extensions>cpp;c;cc;cxx;def;odl;idl;hpj;bat;asm;asmx</Extensions>
    </Filter>
    <Filter Include="Header Files">
      <UniqueIdentifier>{93995380-89BD-4b04-88EB-625FBE52EBFB}</UniqueIdentifier>
      <Extensions>h;hh;hpp;hxx;hm;inl;inc;xsd</Extensions>
    </Filter>
    <Filter Include="Resource Files">
      <UniqueIdentifier>{67DA6AB6-F800-4c08-8B7A-83BB121AAD01}</UniqueIdentifier>
      <Extensions>rc;ico;cur;bmp;dlg;rc2;rct;bin;rgs;gif;jpg;jpeg;jpe;resx;tiff;tif;png;wav;mfcribbon-ms</Extensions>
    </Filter>
    <Filter Include="View">
      <UniqueIdentifier>{e902b96f-e0ac-4264-8567-865154da6aaa}</UniqueIdentifier>
    </Filter>
    <Filter Include="View\Core">
      <UniqueIdentifier>{f6ec2afd-24b3-48c5-a2a7-bd48421f5923}</UniqueIdentifier>
    </Filter>
  </ItemGroup>
  <ItemGroup>
    <None Include="packages.config" />
  </ItemGroup>
  <ItemGroup>
    <ClCompile Include="AllegroCore.cpp">
      <Filter>View\Core</Filter>
    </ClCompile>
    <ClCompile Include="BaseView.cpp">
      <Filter>View\Core</Filter>
    </ClCompile>
    <ClCompile Include="DifficultMenuView.cpp">
      <Filter>View\Core</Filter>
    </ClCompile>
    <ClCompile Include="MainMenuView.cpp">
      <Filter>View\Core</Filter>
    </ClCompile>
    <ClCompile Include="SettingsMenuView.cpp">
      <Filter>View\Core</Filter>
    </ClCompile>
    <ClCompile Include="Source.cpp">
      <Filter>View\Core</Filter>
    </ClCompile>
    <ClCompile Include="GameView.cpp">
      <Filter>View\Core</Filter>
    </ClCompile>
    <ClCompile Include="Controller.cpp">
      <Filter>Source Files</Filter>
    </ClCompile>
    <ClCompile Include="Opponents.cpp">
      <Filter>View</Filter>
    </ClCompile>
    <ClCompile Include="Level.cpp">
      <Filter>Source Files</Filter>
    </ClCompile>
    <ClCompile Include="Vector2.cpp">
      <Filter>Source Files</Filter>
    </ClCompile>
  </ItemGroup>
  <ItemGroup>
    <ClInclude Include="AllegroCore.h">
      <Filter>View\Core</Filter>
    </ClInclude>
    <ClInclude Include="AllegroHeader.h">
      <Filter>View\Core</Filter>
    </ClInclude>
    <ClInclude Include="BaseView.h">
      <Filter>View\Core</Filter>
    </ClInclude>
    <ClInclude Include="CoreEnumeration.h">
      <Filter>View\Core</Filter>
    </ClInclude>
    <ClInclude Include="DifficultMenuView.h">
      <Filter>View\Core</Filter>
    </ClInclude>
    <ClInclude Include="Header.h">
      <Filter>View\Core</Filter>
    </ClInclude>
    <ClInclude Include="MainMenuView.h">
      <Filter>View\Core</Filter>
    </ClInclude>
    <ClInclude Include="SettingsMenuView.h">
      <Filter>View\Core</Filter>
    </ClInclude>
    <ClInclude Include="GameView.h">
      <Filter>View\Core</Filter>
    </ClInclude>
    <ClInclude Include="Controller.h">
      <Filter>Header Files</Filter>
    </ClInclude>
    <ClInclude Include="Opponents.h">
      <Filter>Header Files</Filter>
    </ClInclude>
    <ClInclude Include="Level.h">
      <Filter>Header Files</Filter>
    </ClInclude>
    <ClInclude Include="Vector2.h">
      <Filter>Header Files</Filter>
    </ClInclude>
  </ItemGroup>
</Project>